
Microsoft Visual Studio Solution File, Format Version 12.00
# Visual Studio Version 17
VisualStudioVersion = 17.0.31903.59
MinimumVisualStudioVersion = 10.0.40219.1
Project("{FAE04EC0-301F-11D3-BF4B-00C04F79EFBC}") = "Day01", "Day01\Day01.csproj", "{0F104924-3E1E-47AA-9181-9F7E4E8AC4DE}"
EndProject
Project("{FAE04EC0-301F-11D3-BF4B-00C04F79EFBC}") = "Day02", "Day02\Day02.csproj", "{2F2FBE59-459C-42F4-8F06-FC32326B8530}"
EndProject
Project("{FAE04EC0-301F-11D3-BF4B-00C04F79EFBC}") = "Day03", "Day03\Day03.csproj", "{6B3BBE40-3BDE-4BCB-AEA4-A2E46D8740B6}"
EndProject
Global
	GlobalSection(SolutionConfigurationPlatforms) = preSolution
		Debug|Any CPU = Debug|Any CPU
		Release|Any CPU = Release|Any CPU
	EndGlobalSection
	GlobalSection(SolutionProperties) = preSolution
		HideSolutionNode = FALSE
	EndGlobalSection
	GlobalSection(ProjectConfigurationPlatforms) = postSolution
		{0F104924-3E1E-47AA-9181-9F7E4E8AC4DE}.Debug|Any CPU.ActiveCfg = Debug|Any CPU
		{0F104924-3E1E-47AA-9181-9F7E4E8AC4DE}.Debug|Any CPU.Build.0 = Debug|Any CPU
		{0F104924-3E1E-47AA-9181-9F7E4E8AC4DE}.Release|Any CPU.ActiveCfg = Release|Any CPU
		{0F104924-3E1E-47AA-9181-9F7E4E8AC4DE}.Release|Any CPU.Build.0 = Release|Any CPU
		{2F2FBE59-459C-42F4-8F06-FC32326B8530}.Debug|Any CPU.ActiveCfg = Debug|Any CPU
		{2F2FBE59-459C-42F4-8F06-FC32326B8530}.Debug|Any CPU.Build.0 = Debug|Any CPU
		{2F2FBE59-459C-42F4-8F06-FC32326B8530}.Release|Any CPU.ActiveCfg = Release|Any CPU
		{2F2FBE59-459C-42F4-8F06-FC32326B8530}.Release|Any CPU.Build.0 = Release|Any CPU
		{6B3BBE40-3BDE-4BCB-AEA4-A2E46D8740B6}.Debug|Any CPU.ActiveCfg = Debug|Any CPU
		{6B3BBE40-3BDE-4BCB-AEA4-A2E46D8740B6}.Debug|Any CPU.Build.0 = Debug|Any CPU
		{6B3BBE40-3BDE-4BCB-AEA4-A2E46D8740B6}.Release|Any CPU.ActiveCfg = Release|Any CPU
		{6B3BBE40-3BDE-4BCB-AEA4-A2E46D8740B6}.Release|Any CPU.Build.0 = Release|Any CPU
	EndGlobalSection
EndGlobal
